
Microsoft Visual Studio Solution File, Format Version 12.00
# Visual Studio Version 17
VisualStudioVersion = 17.7.34202.233
MinimumVisualStudioVersion = 10.0.40219.1
Project("{FAE04EC0-301F-11D3-BF4B-00C04F79EFBC}") = "ScreenCraft", "ScreenCraft.csproj", "{9F9A46A8-5082-4717-86E8-6E62F0BAED81}"
EndProject
Global
	GlobalSection(SolutionConfigurationPlatforms) = preSolution
		Debug|Any CPU = Debug|Any CPU
		Release|Any CPU = Release|Any CPU
	EndGlobalSection
	GlobalSection(ProjectConfigurationPlatforms) = postSolution
		{9F9A46A8-5082-4717-86E8-6E62F0BAED81}.Debug|Any CPU.ActiveCfg = Debug|Any CPU
		{9F9A46A8-5082-4717-86E8-6E62F0BAED81}.Debug|Any CPU.Build.0 = Debug|Any CPU
		{9F9A46A8-5082-4717-86E8-6E62F0BAED81}.Release|Any CPU.ActiveCfg = Release|Any CPU
		{9F9A46A8-5082-4717-86E8-6E62F0BAED81}.Release|Any CPU.Build.0 = Release|Any CPU
	EndGlobalSection
	GlobalSection(SolutionProperties) = preSolution
		HideSolutionNode = FALSE
	EndGlobalSection
	GlobalSection(ExtensibilityGlobals) = postSolution
		SolutionGuid = {367A52A7-628D-42E7-8797-99EC93193064}
	EndGlobalSection
EndGlobal
